
Microsoft Visual Studio Solution File, Format Version 12.00
# Visual Studio Version 17
VisualStudioVersion = 17.5.33516.290
MinimumVisualStudioVersion = 10.0.40219.1
Project("{FAE04EC0-301F-11D3-BF4B-00C04F79EFBC}") = "Lab8.Android", "Lab8\Lab8.Android\Lab8.Android.csproj", "{2058E67C-E311-473C-A429-026C8CDC5EFE}"
EndProject
Project("{FAE04EC0-301F-11D3-BF4B-00C04F79EFBC}") = "Lab8.iOS", "Lab8\Lab8.iOS\Lab8.iOS.csproj", "{C4E83C97-1063-42A0-AD76-B5770201721E}"
EndProject
Project("{FAE04EC0-301F-11D3-BF4B-00C04F79EFBC}") = "Lab8", "Lab8\Lab8\Lab8.csproj", "{33CFF0A9-F470-43FB-8C43-47389C2CC3EC}"
EndProject
Global
	GlobalSection(SolutionConfigurationPlatforms) = preSolution
		Debug|Any CPU = Debug|Any CPU
		Debug|iPhone = Debug|iPhone
		Debug|iPhoneSimulator = Debug|iPhoneSimulator
		Release|Any CPU = Release|Any CPU
		Release|iPhone = Release|iPhone
		Release|iPhoneSimulator = Release|iPhoneSimulator
	EndGlobalSection
	GlobalSection(ProjectConfigurationPlatforms) = postSolution
		{2058E67C-E311-473C-A429-026C8CDC5EFE}.Debug|Any CPU.ActiveCfg = Debug|Any CPU
		{2058E67C-E311-473C-A429-026C8CDC5EFE}.Debug|Any CPU.Build.0 = Debug|Any CPU
		{2058E67C-E311-473C-A429-026C8CDC5EFE}.Debug|Any CPU.Deploy.0 = Debug|Any CPU
		{2058E67C-E311-473C-A429-026C8CDC5EFE}.Debug|iPhone.ActiveCfg = Debug|Any CPU
		{2058E67C-E311-473C-A429-026C8CDC5EFE}.Debug|iPhone.Build.0 = Debug|Any CPU
		{2058E67C-E311-473C-A429-026C8CDC5EFE}.Debug|iPhone.Deploy.0 = Debug|Any CPU
		{2058E67C-E311-473C-A429-026C8CDC5EFE}.Debug|iPhoneSimulator.ActiveCfg = Debug|Any CPU
		{2058E67C-E311-473C-A429-026C8CDC5EFE}.Debug|iPhoneSimulator.Build.0 = Debug|Any CPU
		{2058E67C-E311-473C-A429-026C8CDC5EFE}.Debug|iPhoneSimulator.Deploy.0 = Debug|Any CPU
		{2058E67C-E311-473C-A429-026C8CDC5EFE}.Release|Any CPU.ActiveCfg = Release|Any CPU
		{2058E67C-E311-473C-A429-026C8CDC5EFE}.Release|Any CPU.Build.0 = Release|Any CPU
		{2058E67C-E311-473C-A429-026C8CDC5EFE}.Release|Any CPU.Deploy.0 = Release|Any CPU
		{2058E67C-E311-473C-A429-026C8CDC5EFE}.Release|iPhone.ActiveCfg = Release|Any CPU
		{2058E67C-E311-473C-A429-026C8CDC5EFE}.Release|iPhone.Build.0 = Release|Any CPU
		{2058E67C-E311-473C-A429-026C8CDC5EFE}.Release|iPhone.Deploy.0 = Release|Any CPU
		{2058E67C-E311-473C-A429-026C8CDC5EFE}.Release|iPhoneSimulator.ActiveCfg = Release|Any CPU
		{2058E67C-E311-473C-A429-026C8CDC5EFE}.Release|iPhoneSimulator.Build.0 = Release|Any CPU
		{2058E67C-E311-473C-A429-026C8CDC5EFE}.Release|iPhoneSimulator.Deploy.0 = Release|Any CPU
		{C4E83C97-1063-42A0-AD76-B5770201721E}.Debug|Any CPU.ActiveCfg = Debug|iPhone
		{C4E83C97-1063-42A0-AD76-B5770201721E}.Debug|Any CPU.Build.0 = Debug|iPhone
		{C4E83C97-1063-42A0-AD76-B5770201721E}.Debug|Any CPU.Deploy.0 = Debug|iPhone
		{C4E83C97-1063-42A0-AD76-B5770201721E}.Debug|iPhone.ActiveCfg = Debug|iPhone
		{C4E83C97-1063-42A0-AD76-B5770201721E}.Debug|iPhone.Build.0 = Debug|iPhone
		{C4E83C97-1063-42A0-AD76-B5770201721E}.Debug|iPhone.Deploy.0 = Debug|iPhone
		{C4E83C97-1063-42A0-AD76-B5770201721E}.Debug|iPhoneSimulator.ActiveCfg = Debug|iPhoneSimulator
		{C4E83C97-1063-42A0-AD76-B5770201721E}.Debug|iPhoneSimulator.Build.0 = Debug|iPhoneSimulator
		{C4E83C97-1063-42A0-AD76-B5770201721E}.Debug|iPhoneSimulator.Deploy.0 = Debug|iPhoneSimulator
		{C4E83C97-1063-42A0-AD76-B5770201721E}.Release|Any CPU.ActiveCfg = Release|iPhoneSimulator
		{C4E83C97-1063-42A0-AD76-B5770201721E}.Release|Any CPU.Build.0 = Release|iPhoneSimulator
		{C4E83C97-1063-42A0-AD76-B5770201721E}.Release|Any CPU.Deploy.0 = Release|iPhoneSimulator
		{C4E83C97-1063-42A0-AD76-B5770201721E}.Release|iPhone.ActiveCfg = Release|iPhone
		{C4E83C97-1063-42A0-AD76-B5770201721E}.Release|iPhone.Build.0 = Release|iPhone
		{C4E83C97-1063-42A0-AD76-B5770201721E}.Release|iPhone.Deploy.0 = Release|iPhone
		{C4E83C97-1063-42A0-AD76-B5770201721E}.Release|iPhoneSimulator.ActiveCfg = Release|iPhoneSimulator
		{C4E83C97-1063-42A0-AD76-B5770201721E}.Release|iPhoneSimulator.Build.0 = Release|iPhoneSimulator
		{C4E83C97-1063-42A0-AD76-B5770201721E}.Release|iPhoneSimulator.Deploy.0 = Release|iPhoneSimulator
		{33CFF0A9-F470-43FB-8C43-47389C2CC3EC}.Debug|Any CPU.ActiveCfg = Debug|Any CPU
		{33CFF0A9-F470-43FB-8C43-47389C2CC3EC}.Debug|Any CPU.Build.0 = Debug|Any CPU
		{33CFF0A9-F470-43FB-8C43-47389C2CC3EC}.Debug|Any CPU.Deploy.0 = Debug|Any CPU
		{33CFF0A9-F470-43FB-8C43-47389C2CC3EC}.Debug|iPhone.ActiveCfg = Debug|Any CPU
		{33CFF0A9-F470-43FB-8C43-47389C2CC3EC}.Debug|iPhone.Build.0 = Debug|Any CPU
		{33CFF0A9-F470-43FB-8C43-47389C2CC3EC}.Debug|iPhone.Deploy.0 = Debug|Any CPU
		{33CFF0A9-F470-43FB-8C43-47389C2CC3EC}.Debug|iPhoneSimulator.ActiveCfg = Debug|Any CPU
		{33CFF0A9-F470-43FB-8C43-47389C2CC3EC}.Debug|iPhoneSimulator.Build.0 = Debug|Any CPU
		{33CFF0A9-F470-43FB-8C43-47389C2CC3EC}.Debug|iPhoneSimulator.Deploy.0 = Debug|Any CPU
		{33CFF0A9-F470-43FB-8C43-47389C2CC3EC}.Release|Any CPU.ActiveCfg = Release|Any CPU
		{33CFF0A9-F470-43FB-8C43-47389C2CC3EC}.Release|Any CPU.Build.0 = Release|Any CPU
		{33CFF0A9-F470-43FB-8C43-47389C2CC3EC}.Release|Any CPU.Deploy.0 = Release|Any CPU
		{33CFF0A9-F470-43FB-8C43-47389C2CC3EC}.Release|iPhone.ActiveCfg = Release|Any CPU
		{33CFF0A9-F470-43FB-8C43-47389C2CC3EC}.Release|iPhone.Build.0 = Release|Any CPU
		{33CFF0A9-F470-43FB-8C43-47389C2CC3EC}.Release|iPhone.Deploy.0 = Release|Any CPU
		{33CFF0A9-F470-43FB-8C43-47389C2CC3EC}.Release|iPhoneSimulator.ActiveCfg = Release|Any CPU
		{33CFF0A9-F470-43FB-8C43-47389C2CC3EC}.Release|iPhoneSimulator.Build.0 = Release|Any CPU
		{33CFF0A9-F470-43FB-8C43-47389C2CC3EC}.Release|iPhoneSimulator.Deploy.0 = Release|Any CPU
	EndGlobalSection
	GlobalSection(SolutionProperties) = preSolution
		HideSolutionNode = FALSE
	EndGlobalSection
	GlobalSection(ExtensibilityGlobals) = postSolution
		SolutionGuid = {3CF5C998-A99E-4328-BA55-6454DE75424E}
	EndGlobalSection
EndGlobal
